
Microsoft Visual Studio Solution File, Format Version 12.00
# Visual Studio Version 16
VisualStudioVersion = 16.0.31911.196
MinimumVisualStudioVersion = 10.0.40219.1
Project("{2150E333-8FDC-42A3-9474-1A3956D46DE8}") = "ShopMangement", "ShopMangement", "{C3725512-9C4A-49C7-90AA-75ECF4A5ACA0}"
EndProject
Project("{2150E333-8FDC-42A3-9474-1A3956D46DE8}") = "SM.Domain", "SM.Domain", "{EA91E966-8F1D-461B-BE58-A6EA4BAE5186}"
EndProject
Project("{9A19103F-16F7-4668-BE54-9A1E7A4F7556}") = "ShopManagement.Domain", "ShopMangement.Domain\ShopManagement.Domain.csproj", "{6C873309-C29E-49F5-806F-D2D85B4368F0}"
EndProject
Project("{9A19103F-16F7-4668-BE54-9A1E7A4F7556}") = "0_FrameWork", "0_FrameWork\0_FrameWork.csproj", "{2B5A6789-3BFD-4414-B76B-31F862C51A4A}"
EndProject
Project("{2150E333-8FDC-42A3-9474-1A3956D46DE8}") = "SM.Application", "SM.Application", "{0EC5CED2-1A02-4D88-9B41-FF7156891477}"
EndProject
Project("{9A19103F-16F7-4668-BE54-9A1E7A4F7556}") = "ShopManagement.Application.Contracts", "ShopManagement.Application.Contracts\ShopManagement.Application.Contracts.csproj", "{0FC9199C-E92C-4492-8A9F-55FF6E0E435D}"
EndProject
Project("{9A19103F-16F7-4668-BE54-9A1E7A4F7556}") = "ShopManagement.Application", "ShopManagement.Application\ShopManagement.Application.csproj", "{9C8B90E9-5053-4C6F-80F2-24D19B0B754A}"
EndProject
Project("{2150E333-8FDC-42A3-9474-1A3956D46DE8}") = "SM.Infrastructure", "SM.Infrastructure", "{1E29EBA4-A363-4721-9399-7A58ACB34523}"
EndProject
Project("{9A19103F-16F7-4668-BE54-9A1E7A4F7556}") = "ShopManagement.Infrastructure.EFCore", "ShopManagement.Infrastructure.EFCore\ShopManagement.Infrastructure.EFCore.csproj", "{95791F85-91C4-412F-8447-63CFB97EE790}"
EndProject
Project("{9A19103F-16F7-4668-BE54-9A1E7A4F7556}") = "ShopManagement.Configuration", "ShopManagement.Configuration\ShopManagement.Configuration.csproj", "{CE906497-F722-4E0C-A416-5B2B50C99E91}"
EndProject
Project("{9A19103F-16F7-4668-BE54-9A1E7A4F7556}") = "ServicesHost", "ServicesHost\ServicesHost.csproj", "{5997F763-8FC9-4B5F-9FC5-E3F63215C3FB}"
EndProject
Project("{9A19103F-16F7-4668-BE54-9A1E7A4F7556}") = "01_TennisQuery", "01_TennisQuery\01_TennisQuery.csproj", "{904AB47B-F06C-41C2-BAA9-94AB7AF3B8CC}"
EndProject
Project("{2150E333-8FDC-42A3-9474-1A3956D46DE8}") = "DiscountManagement", "DiscountManagement", "{F4574390-EA0F-48AE-86F1-0B70BF8FDBD3}"
EndProject
Project("{2150E333-8FDC-42A3-9474-1A3956D46DE8}") = "DM.Domain", "DM.Domain", "{F168807E-7746-4149-BF84-9928A025FB30}"
EndProject
Project("{9A19103F-16F7-4668-BE54-9A1E7A4F7556}") = "DiscountManagement.Domain", "DiscountManagement.Domain\DiscountManagement.Domain.csproj", "{9D921EFF-BCDA-4B0E-97AB-3F96646BB294}"
EndProject
Project("{2150E333-8FDC-42A3-9474-1A3956D46DE8}") = "DM.Application", "DM.Application", "{02A290AF-5853-4548-A74E-F4BB7FA085AF}"
EndProject
Project("{9A19103F-16F7-4668-BE54-9A1E7A4F7556}") = "DiscountManagement.Application.Contract", "DiscountManagement.Application.Contract\DiscountManagement.Application.Contract.csproj", "{DFB4C7FD-5DA8-4870-B3D0-2A1A84952F98}"
EndProject
Project("{9A19103F-16F7-4668-BE54-9A1E7A4F7556}") = "DiscountManagement.Application", "CustomerDiscountManagemt.Application\DiscountManagement.Application.csproj", "{2EF83801-B8BA-4F36-A252-F425B8BE6BCA}"
EndProject
Project("{2150E333-8FDC-42A3-9474-1A3956D46DE8}") = "DM.Infrastructure", "DM.Infrastructure", "{3260F1E5-6D86-48F2-8ADC-42C7A6B952E9}"
EndProject
Project("{9A19103F-16F7-4668-BE54-9A1E7A4F7556}") = "DiscountManagement.Infrastructure.EFCore", "DiscountManagement.Infrastructure.EFCore\DiscountManagement.Infrastructure.EFCore.csproj", "{5123AAD8-056A-47FB-BFB5-F9A1639D3377}"
EndProject
Project("{9A19103F-16F7-4668-BE54-9A1E7A4F7556}") = "DiscountManagementConfiguration", "DiscountManagementConfiguration\DiscountManagementConfiguration.csproj", "{8DEBC408-B2D5-47AE-A423-7C8C0BE70112}"
EndProject
Project("{2150E333-8FDC-42A3-9474-1A3956D46DE8}") = "InventoryManagement", "InventoryManagement", "{A0845CDA-3B9B-44EC-B8AA-691598A7802D}"
EndProject
Project("{2150E333-8FDC-42A3-9474-1A3956D46DE8}") = "IM.Domain", "IM.Domain", "{ADE6B8D8-2F9D-46CE-ABF0-D21CD98817A1}"
EndProject
Project("{9A19103F-16F7-4668-BE54-9A1E7A4F7556}") = "InventoryManagement.Domain", "InventoryManagement.Domain\InventoryManagement.Domain.csproj", "{3102B266-899C-4987-B16C-29527A172D3B}"
EndProject
Project("{2150E333-8FDC-42A3-9474-1A3956D46DE8}") = "IM.Application", "IM.Application", "{2BEF45F5-0797-43FC-A328-E66411534451}"
EndProject
Project("{9A19103F-16F7-4668-BE54-9A1E7A4F7556}") = "InventoryManagement.Application.Contract", "InventoryManagement.Application.Contract\InventoryManagement.Application.Contract.csproj", "{C293D0C6-10EA-4BD7-B07E-E3B0C8438164}"
EndProject
Project("{2150E333-8FDC-42A3-9474-1A3956D46DE8}") = "IM.Infrastructure", "IM.Infrastructure", "{7392F49D-3EBA-4D12-8CC1-E20D835C134D}"
EndProject
Project("{9A19103F-16F7-4668-BE54-9A1E7A4F7556}") = "InventoryManagement.Infrastructure.EFCore", "InventoryManagement.Infrastructure.EFCore\InventoryManagement.Infrastructure.EFCore.csproj", "{F5B745A3-A5B1-45F7-AE6A-41385965E10E}"
EndProject
Project("{9A19103F-16F7-4668-BE54-9A1E7A4F7556}") = "InventoryManagement.Infrastructure.Configuration", "InventoryManagement.Infrastructure.Configuration\InventoryManagement.Infrastructure.Configuration.csproj", "{B26C82AA-7A8C-4A6A-943A-25DACB36C700}"
EndProject
Project("{9A19103F-16F7-4668-BE54-9A1E7A4F7556}") = "InventoryManagement.Application", "InventoryManagement.Application\InventoryManagement.Application.csproj", "{F640D609-C7CC-4B35-99D7-F66102F3F12B}"
EndProject
Global
	GlobalSection(SolutionConfigurationPlatforms) = preSolution
		Debug|Any CPU = Debug|Any CPU
		Release|Any CPU = Release|Any CPU
	EndGlobalSection
	GlobalSection(ProjectConfigurationPlatforms) = postSolution
		{6C873309-C29E-49F5-806F-D2D85B4368F0}.Debug|Any CPU.ActiveCfg = Debug|Any CPU
		{6C873309-C29E-49F5-806F-D2D85B4368F0}.Debug|Any CPU.Build.0 = Debug|Any CPU
		{6C873309-C29E-49F5-806F-D2D85B4368F0}.Release|Any CPU.ActiveCfg = Release|Any CPU
		{6C873309-C29E-49F5-806F-D2D85B4368F0}.Release|Any CPU.Build.0 = Release|Any CPU
		{2B5A6789-3BFD-4414-B76B-31F862C51A4A}.Debug|Any CPU.ActiveCfg = Debug|Any CPU
		{2B5A6789-3BFD-4414-B76B-31F862C51A4A}.Debug|Any CPU.Build.0 = Debug|Any CPU
		{2B5A6789-3BFD-4414-B76B-31F862C51A4A}.Release|Any CPU.ActiveCfg = Release|Any CPU
		{2B5A6789-3BFD-4414-B76B-31F862C51A4A}.Release|Any CPU.Build.0 = Release|Any CPU
		{0FC9199C-E92C-4492-8A9F-55FF6E0E435D}.Debug|Any CPU.ActiveCfg = Debug|Any CPU
		{0FC9199C-E92C-4492-8A9F-55FF6E0E435D}.Debug|Any CPU.Build.0 = Debug|Any CPU
		{0FC9199C-E92C-4492-8A9F-55FF6E0E435D}.Release|Any CPU.ActiveCfg = Release|Any CPU
		{0FC9199C-E92C-4492-8A9F-55FF6E0E435D}.Release|Any CPU.Build.0 = Release|Any CPU
		{9C8B90E9-5053-4C6F-80F2-24D19B0B754A}.Debug|Any CPU.ActiveCfg = Debug|Any CPU
		{9C8B90E9-5053-4C6F-80F2-24D19B0B754A}.Debug|Any CPU.Build.0 = Debug|Any CPU
		{9C8B90E9-5053-4C6F-80F2-24D19B0B754A}.Release|Any CPU.ActiveCfg = Release|Any CPU
		{9C8B90E9-5053-4C6F-80F2-24D19B0B754A}.Release|Any CPU.Build.0 = Release|Any CPU
		{95791F85-91C4-412F-8447-63CFB97EE790}.Debug|Any CPU.ActiveCfg = Debug|Any CPU
		{95791F85-91C4-412F-8447-63CFB97EE790}.Debug|Any CPU.Build.0 = Debug|Any CPU
		{95791F85-91C4-412F-8447-63CFB97EE790}.Release|Any CPU.ActiveCfg = Release|Any CPU
		{95791F85-91C4-412F-8447-63CFB97EE790}.Release|Any CPU.Build.0 = Release|Any CPU
		{CE906497-F722-4E0C-A416-5B2B50C99E91}.Debug|Any CPU.ActiveCfg = Debug|Any CPU
		{CE906497-F722-4E0C-A416-5B2B50C99E91}.Debug|Any CPU.Build.0 = Debug|Any CPU
		{CE906497-F722-4E0C-A416-5B2B50C99E91}.Release|Any CPU.ActiveCfg = Release|Any CPU
		{CE906497-F722-4E0C-A416-5B2B50C99E91}.Release|Any CPU.Build.0 = Release|Any CPU
		{5997F763-8FC9-4B5F-9FC5-E3F63215C3FB}.Debug|Any CPU.ActiveCfg = Debug|Any CPU
		{5997F763-8FC9-4B5F-9FC5-E3F63215C3FB}.Debug|Any CPU.Build.0 = Debug|Any CPU
		{5997F763-8FC9-4B5F-9FC5-E3F63215C3FB}.Release|Any CPU.ActiveCfg = Release|Any CPU
		{5997F763-8FC9-4B5F-9FC5-E3F63215C3FB}.Release|Any CPU.Build.0 = Release|Any CPU
		{904AB47B-F06C-41C2-BAA9-94AB7AF3B8CC}.Debug|Any CPU.ActiveCfg = Debug|Any CPU
		{904AB47B-F06C-41C2-BAA9-94AB7AF3B8CC}.Debug|Any CPU.Build.0 = Debug|Any CPU
		{904AB47B-F06C-41C2-BAA9-94AB7AF3B8CC}.Release|Any CPU.ActiveCfg = Release|Any CPU
		{904AB47B-F06C-41C2-BAA9-94AB7AF3B8CC}.Release|Any CPU.Build.0 = Release|Any CPU
		{9D921EFF-BCDA-4B0E-97AB-3F96646BB294}.Debug|Any CPU.ActiveCfg = Debug|Any CPU
		{9D921EFF-BCDA-4B0E-97AB-3F96646BB294}.Debug|Any CPU.Build.0 = Debug|Any CPU
		{9D921EFF-BCDA-4B0E-97AB-3F96646BB294}.Release|Any CPU.ActiveCfg = Release|Any CPU
		{9D921EFF-BCDA-4B0E-97AB-3F96646BB294}.Release|Any CPU.Build.0 = Release|Any CPU
		{DFB4C7FD-5DA8-4870-B3D0-2A1A84952F98}.Debug|Any CPU.ActiveCfg = Debug|Any CPU
		{DFB4C7FD-5DA8-4870-B3D0-2A1A84952F98}.Debug|Any CPU.Build.0 = Debug|Any CPU
		{DFB4C7FD-5DA8-4870-B3D0-2A1A84952F98}.Release|Any CPU.ActiveCfg = Release|Any CPU
		{DFB4C7FD-5DA8-4870-B3D0-2A1A84952F98}.Release|Any CPU.Build.0 = Release|Any CPU
		{2EF83801-B8BA-4F36-A252-F425B8BE6BCA}.Debug|Any CPU.ActiveCfg = Debug|Any CPU
		{2EF83801-B8BA-4F36-A252-F425B8BE6BCA}.Debug|Any CPU.Build.0 = Debug|Any CPU
		{2EF83801-B8BA-4F36-A252-F425B8BE6BCA}.Release|Any CPU.ActiveCfg = Release|Any CPU
		{2EF83801-B8BA-4F36-A252-F425B8BE6BCA}.Release|Any CPU.Build.0 = Release|Any CPU
		{5123AAD8-056A-47FB-BFB5-F9A1639D3377}.Debug|Any CPU.ActiveCfg = Debug|Any CPU
		{5123AAD8-056A-47FB-BFB5-F9A1639D3377}.Debug|Any CPU.Build.0 = Debug|Any CPU
		{5123AAD8-056A-47FB-BFB5-F9A1639D3377}.Release|Any CPU.ActiveCfg = Release|Any CPU
		{5123AAD8-056A-47FB-BFB5-F9A1639D3377}.Release|Any CPU.Build.0 = Release|Any CPU
		{8DEBC408-B2D5-47AE-A423-7C8C0BE70112}.Debug|Any CPU.ActiveCfg = Debug|Any CPU
		{8DEBC408-B2D5-47AE-A423-7C8C0BE70112}.Debug|Any CPU.Build.0 = Debug|Any CPU
		{8DEBC408-B2D5-47AE-A423-7C8C0BE70112}.Release|Any CPU.ActiveCfg = Release|Any CPU
		{8DEBC408-B2D5-47AE-A423-7C8C0BE70112}.Release|Any CPU.Build.0 = Release|Any CPU
		{3102B266-899C-4987-B16C-29527A172D3B}.Debug|Any CPU.ActiveCfg = Debug|Any CPU
		{3102B266-899C-4987-B16C-29527A172D3B}.Debug|Any CPU.Build.0 = Debug|Any CPU
		{3102B266-899C-4987-B16C-29527A172D3B}.Release|Any CPU.ActiveCfg = Release|Any CPU
		{3102B266-899C-4987-B16C-29527A172D3B}.Release|Any CPU.Build.0 = Release|Any CPU
		{C293D0C6-10EA-4BD7-B07E-E3B0C8438164}.Debug|Any CPU.ActiveCfg = Debug|Any CPU
		{C293D0C6-10EA-4BD7-B07E-E3B0C8438164}.Debug|Any CPU.Build.0 = Debug|Any CPU
		{C293D0C6-10EA-4BD7-B07E-E3B0C8438164}.Release|Any CPU.ActiveCfg = Release|Any CPU
		{C293D0C6-10EA-4BD7-B07E-E3B0C8438164}.Release|Any CPU.Build.0 = Release|Any CPU
		{F5B745A3-A5B1-45F7-AE6A-41385965E10E}.Debug|Any CPU.ActiveCfg = Debug|Any CPU
		{F5B745A3-A5B1-45F7-AE6A-41385965E10E}.Debug|Any CPU.Build.0 = Debug|Any CPU
		{F5B745A3-A5B1-45F7-AE6A-41385965E10E}.Release|Any CPU.ActiveCfg = Release|Any CPU
		{F5B745A3-A5B1-45F7-AE6A-41385965E10E}.Release|Any CPU.Build.0 = Release|Any CPU
		{B26C82AA-7A8C-4A6A-943A-25DACB36C700}.Debug|Any CPU.ActiveCfg = Debug|Any CPU
		{B26C82AA-7A8C-4A6A-943A-25DACB36C700}.Debug|Any CPU.Build.0 = Debug|Any CPU
		{B26C82AA-7A8C-4A6A-943A-25DACB36C700}.Release|Any CPU.ActiveCfg = Release|Any CPU
		{B26C82AA-7A8C-4A6A-943A-25DACB36C700}.Release|Any CPU.Build.0 = Release|Any CPU
		{F640D609-C7CC-4B35-99D7-F66102F3F12B}.Debug|Any CPU.ActiveCfg = Debug|Any CPU
		{F640D609-C7CC-4B35-99D7-F66102F3F12B}.Debug|Any CPU.Build.0 = Debug|Any CPU
		{F640D609-C7CC-4B35-99D7-F66102F3F12B}.Release|Any CPU.ActiveCfg = Release|Any CPU
		{F640D609-C7CC-4B35-99D7-F66102F3F12B}.Release|Any CPU.Build.0 = Release|Any CPU
	EndGlobalSection
	GlobalSection(SolutionProperties) = preSolution
		HideSolutionNode = FALSE
	EndGlobalSection
	GlobalSection(NestedProjects) = preSolution
		{EA91E966-8F1D-461B-BE58-A6EA4BAE5186} = {C3725512-9C4A-49C7-90AA-75ECF4A5ACA0}
		{6C873309-C29E-49F5-806F-D2D85B4368F0} = {EA91E966-8F1D-461B-BE58-A6EA4BAE5186}
		{0EC5CED2-1A02-4D88-9B41-FF7156891477} = {C3725512-9C4A-49C7-90AA-75ECF4A5ACA0}
		{0FC9199C-E92C-4492-8A9F-55FF6E0E435D} = {0EC5CED2-1A02-4D88-9B41-FF7156891477}
		{9C8B90E9-5053-4C6F-80F2-24D19B0B754A} = {0EC5CED2-1A02-4D88-9B41-FF7156891477}
		{1E29EBA4-A363-4721-9399-7A58ACB34523} = {C3725512-9C4A-49C7-90AA-75ECF4A5ACA0}
		{95791F85-91C4-412F-8447-63CFB97EE790} = {1E29EBA4-A363-4721-9399-7A58ACB34523}
		{CE906497-F722-4E0C-A416-5B2B50C99E91} = {1E29EBA4-A363-4721-9399-7A58ACB34523}
		{F168807E-7746-4149-BF84-9928A025FB30} = {F4574390-EA0F-48AE-86F1-0B70BF8FDBD3}
		{9D921EFF-BCDA-4B0E-97AB-3F96646BB294} = {F168807E-7746-4149-BF84-9928A025FB30}
		{02A290AF-5853-4548-A74E-F4BB7FA085AF} = {F4574390-EA0F-48AE-86F1-0B70BF8FDBD3}
		{DFB4C7FD-5DA8-4870-B3D0-2A1A84952F98} = {02A290AF-5853-4548-A74E-F4BB7FA085AF}
		{2EF83801-B8BA-4F36-A252-F425B8BE6BCA} = {02A290AF-5853-4548-A74E-F4BB7FA085AF}
		{3260F1E5-6D86-48F2-8ADC-42C7A6B952E9} = {F4574390-EA0F-48AE-86F1-0B70BF8FDBD3}
		{5123AAD8-056A-47FB-BFB5-F9A1639D3377} = {3260F1E5-6D86-48F2-8ADC-42C7A6B952E9}
		{8DEBC408-B2D5-47AE-A423-7C8C0BE70112} = {3260F1E5-6D86-48F2-8ADC-42C7A6B952E9}
		{ADE6B8D8-2F9D-46CE-ABF0-D21CD98817A1} = {A0845CDA-3B9B-44EC-B8AA-691598A7802D}
		{3102B266-899C-4987-B16C-29527A172D3B} = {ADE6B8D8-2F9D-46CE-ABF0-D21CD98817A1}
		{2BEF45F5-0797-43FC-A328-E66411534451} = {A0845CDA-3B9B-44EC-B8AA-691598A7802D}
		{C293D0C6-10EA-4BD7-B07E-E3B0C8438164} = {2BEF45F5-0797-43FC-A328-E66411534451}
		{7392F49D-3EBA-4D12-8CC1-E20D835C134D} = {A0845CDA-3B9B-44EC-B8AA-691598A7802D}
		{F5B745A3-A5B1-45F7-AE6A-41385965E10E} = {7392F49D-3EBA-4D12-8CC1-E20D835C134D}
		{B26C82AA-7A8C-4A6A-943A-25DACB36C700} = {7392F49D-3EBA-4D12-8CC1-E20D835C134D}
		{F640D609-C7CC-4B35-99D7-F66102F3F12B} = {2BEF45F5-0797-43FC-A328-E66411534451}
	EndGlobalSection
	GlobalSection(ExtensibilityGlobals) = postSolution
		SolutionGuid = {46502144-0088-413F-8B06-93B2CCA9F49C}
	EndGlobalSection
EndGlobal
